// !$*UTF8*$!
{
	archiveVersion = 1;
	classes = {
	};
	objectVersion = 51;
	objects = {

/* Begin PBXBuildFile section */
		19332384255327F900827FAB /* AppDelegate.swift in Sources */ = {isa = PBXBuildFile; fileRef = 19332383255327F900827FAB /* AppDelegate.swift */; };
		19332388255327F900827FAB /* ViewController.swift in Sources */ = {isa = PBXBuildFile; fileRef = 19332387255327F900827FAB /* ViewController.swift */; };
		1933238B255327F900827FAB /* Main.storyboard in Resources */ = {isa = PBXBuildFile; fileRef = 19332389255327F900827FAB /* Main.storyboard */; };
		1933238E255327FA00827FAB /* CurrencyCalculator.xcdatamodeld in Sources */ = {isa = PBXBuildFile; fileRef = 1933238C255327FA00827FAB /* CurrencyCalculator.xcdatamodeld */; };
		19332390255327FB00827FAB /* Assets.xcassets in Resources */ = {isa = PBXBuildFile; fileRef = 1933238F255327FB00827FAB /* Assets.xcassets */; };
		19332393255327FB00827FAB /* LaunchScreen.storyboard in Resources */ = {isa = PBXBuildFile; fileRef = 19332391255327FB00827FAB /* LaunchScreen.storyboard */; };
		1933239E255327FC00827FAB /* CurrencyCalculatorTests.swift in Sources */ = {isa = PBXBuildFile; fileRef = 1933239D255327FC00827FAB /* CurrencyCalculatorTests.swift */; };
		193323A9255327FC00827FAB /* CurrencyCalculatorUITests.swift in Sources */ = {isa = PBXBuildFile; fileRef = 193323A8255327FC00827FAB /* CurrencyCalculatorUITests.swift */; };
		79D52727EE4318969743E047 /* Pods_CurrencyCalculator.framework in Frameworks */ = {isa = PBXBuildFile; fileRef = 69A1DB3A2784143F4054C909 /* Pods_CurrencyCalculator.framework */; };
		DA236D844CAC5406C6E72260 /* Pods_CurrencyCalculatorTests.framework in Frameworks */ = {isa = PBXBuildFile; fileRef = DD00B9D55A60511A5ED7454A /* Pods_CurrencyCalculatorTests.framework */; };
		FDA44AC309B88A9EA9D148D4 /* Pods_CurrencyCalculator_CurrencyCalculatorUITests.framework in Frameworks */ = {isa = PBXBuildFile; fileRef = 24D35A67026DF4C35A4052F7 /* Pods_CurrencyCalculator_CurrencyCalculatorUITests.framework */; };
/* End PBXBuildFile section */

/* Begin PBXContainerItemProxy section */
		1933239A255327FC00827FAB /* PBXContainerItemProxy */ = {
			isa = PBXContainerItemProxy;
			containerPortal = 19332378255327F900827FAB /* Project object */;
			proxyType = 1;
			remoteGlobalIDString = 1933237F255327F900827FAB;
			remoteInfo = CurrencyCalculator;
		};
		193323A5255327FC00827FAB /* PBXContainerItemProxy */ = {
			isa = PBXContainerItemProxy;
			containerPortal = 19332378255327F900827FAB /* Project object */;
			proxyType = 1;
			remoteGlobalIDString = 1933237F255327F900827FAB;
			remoteInfo = CurrencyCalculator;
		};
/* End PBXContainerItemProxy section */

/* Begin PBXFileReference section */
		19332380255327F900827FAB /* CurrencyCalculator.app */ = {isa = PBXFileReference; explicitFileType = wrapper.application; includeInIndex = 0; path = CurrencyCalculator.app; sourceTree = BUILT_PRODUCTS_DIR; };
		19332383255327F900827FAB /* AppDelegate.swift */ = {isa = PBXFileReference; lastKnownFileType = sourcecode.swift; path = AppDelegate.swift; sourceTree = "<group>"; };
		19332387255327F900827FAB /* ViewController.swift */ = {isa = PBXFileReference; lastKnownFileType = sourcecode.swift; path = ViewController.swift; sourceTree = "<group>"; };
		1933238A255327F900827FAB /* Base */ = {isa = PBXFileReference; lastKnownFileType = file.storyboard; name = Base; path = Base.lproj/Main.storyboard; sourceTree = "<group>"; };
		1933238D255327FA00827FAB /* CurrencyCalculator.xcdatamodel */ = {isa = PBXFileReference; lastKnownFileType = wrapper.xcdatamodel; path = CurrencyCalculator.xcdatamodel; sourceTree = "<group>"; };
		1933238F255327FB00827FAB /* Assets.xcassets */ = {isa = PBXFileReference; lastKnownFileType = folder.assetcatalog; path = Assets.xcassets; sourceTree = "<group>"; };
		19332392255327FB00827FAB /* Base */ = {isa = PBXFileReference; lastKnownFileType = file.storyboard; name = Base; path = Base.lproj/LaunchScreen.storyboard; sourceTree = "<group>"; };
		19332394255327FB00827FAB /* Info.plist */ = {isa = PBXFileReference; lastKnownFileType = text.plist.xml; path = Info.plist; sourceTree = "<group>"; };
		19332399255327FC00827FAB /* CurrencyCalculatorTests.xctest */ = {isa = PBXFileReference; explicitFileType = wrapper.cfbundle; includeInIndex = 0; path = CurrencyCalculatorTests.xctest; sourceTree = BUILT_PRODUCTS_DIR; };
		1933239D255327FC00827FAB /* CurrencyCalculatorTests.swift */ = {isa = PBXFileReference; lastKnownFileType = sourcecode.swift; path = CurrencyCalculatorTests.swift; sourceTree = "<group>"; };
		1933239F255327FC00827FAB /* Info.plist */ = {isa = PBXFileReference; lastKnownFileType = text.plist.xml; path = Info.plist; sourceTree = "<group>"; };
		193323A4255327FC00827FAB /* CurrencyCalculatorUITests.xctest */ = {isa = PBXFileReference; explicitFileType = wrapper.cfbundle; includeInIndex = 0; path = CurrencyCalculatorUITests.xctest; sourceTree = BUILT_PRODUCTS_DIR; };
		193323A8255327FC00827FAB /* CurrencyCalculatorUITests.swift */ = {isa = PBXFileReference; lastKnownFileType = sourcecode.swift; path = CurrencyCalculatorUITests.swift; sourceTree = "<group>"; };
		193323AA255327FC00827FAB /* Info.plist */ = {isa = PBXFileReference; lastKnownFileType = text.plist.xml; path = Info.plist; sourceTree = "<group>"; };
		24D35A67026DF4C35A4052F7 /* Pods_CurrencyCalculator_CurrencyCalculatorUITests.framework */ = {isa = PBXFileReference; explicitFileType = wrapper.framework; includeInIndex = 0; path = Pods_CurrencyCalculator_CurrencyCalculatorUITests.framework; sourceTree = BUILT_PRODUCTS_DIR; };
		546F6F4B81A410AF214D305B /* Pods-CurrencyCalculator-CurrencyCalculatorUITests.debug.xcconfig */ = {isa = PBXFileReference; includeInIndex = 1; lastKnownFileType = text.xcconfig; name = "Pods-CurrencyCalculator-CurrencyCalculatorUITests.debug.xcconfig"; path = "Target Support Files/Pods-CurrencyCalculator-CurrencyCalculatorUITests/Pods-CurrencyCalculator-CurrencyCalculatorUITests.debug.xcconfig"; sourceTree = "<group>"; };
		577F09621C5B297C266B2F1C /* Pods-CurrencyCalculator.debug.xcconfig */ = {isa = PBXFileReference; includeInIndex = 1; lastKnownFileType = text.xcconfig; name = "Pods-CurrencyCalculator.debug.xcconfig"; path = "Target Support Files/Pods-CurrencyCalculator/Pods-CurrencyCalculator.debug.xcconfig"; sourceTree = "<group>"; };
		69A1DB3A2784143F4054C909 /* Pods_CurrencyCalculator.framework */ = {isa = PBXFileReference; explicitFileType = wrapper.framework; includeInIndex = 0; path = Pods_CurrencyCalculator.framework; sourceTree = BUILT_PRODUCTS_DIR; };
		78CAF5A757A8DF334BAB82B6 /* Pods-CurrencyCalculatorTests.release.xcconfig */ = {isa = PBXFileReference; includeInIndex = 1; lastKnownFileType = text.xcconfig; name = "Pods-CurrencyCalculatorTests.release.xcconfig"; path = "Target Support Files/Pods-CurrencyCalculatorTests/Pods-CurrencyCalculatorTests.release.xcconfig"; sourceTree = "<group>"; };
		A63E91F5BCDE7B4D5AC301D7 /* Pods-CurrencyCalculatorTests.debug.xcconfig */ = {isa = PBXFileReference; includeInIndex = 1; lastKnownFileType = text.xcconfig; name = "Pods-CurrencyCalculatorTests.debug.xcconfig"; path = "Target Support Files/Pods-CurrencyCalculatorTests/Pods-CurrencyCalculatorTests.debug.xcconfig"; sourceTree = "<group>"; };
		BC91760B76C855B68FF5AB5F /* Pods-CurrencyCalculator.release.xcconfig */ = {isa = PBXFileReference; includeInIndex = 1; lastKnownFileType = text.xcconfig; name = "Pods-CurrencyCalculator.release.xcconfig"; path = "Target Support Files/Pods-CurrencyCalculator/Pods-CurrencyCalculator.release.xcconfig"; sourceTree = "<group>"; };
		DD00B9D55A60511A5ED7454A /* Pods_CurrencyCalculatorTests.framework */ = {isa = PBXFileReference; explicitFileType = wrapper.framework; includeInIndex = 0; path = Pods_CurrencyCalculatorTests.framework; sourceTree = BUILT_PRODUCTS_DIR; };
		EA038E5AE4E69C27E2F628D2 /* Pods-CurrencyCalculator-CurrencyCalculatorUITests.release.xcconfig */ = {isa = PBXFileReference; includeInIndex = 1; lastKnownFileType = text.xcconfig; name = "Pods-CurrencyCalculator-CurrencyCalculatorUITests.release.xcconfig"; path = "Target Support Files/Pods-CurrencyCalculator-CurrencyCalculatorUITests/Pods-CurrencyCalculator-CurrencyCalculatorUITests.release.xcconfig"; sourceTree = "<group>"; };
/* End PBXFileReference section */

/* Begin PBXFrameworksBuildPhase section */
		1933237D255327F900827FAB /* Frameworks */ = {
			isa = PBXFrameworksBuildPhase;
			buildActionMask = 2147483647;
			files = (
				79D52727EE4318969743E047 /* Pods_CurrencyCalculator.framework in Frameworks */,
			);
			runOnlyForDeploymentPostprocessing = 0;
		};
		19332396255327FC00827FAB /* Frameworks */ = {
			isa = PBXFrameworksBuildPhase;
			buildActionMask = 2147483647;
			files = (
				DA236D844CAC5406C6E72260 /* Pods_CurrencyCalculatorTests.framework in Frameworks */,
			);
			runOnlyForDeploymentPostprocessing = 0;
		};
		193323A1255327FC00827FAB /* Frameworks */ = {
			isa = PBXFrameworksBuildPhase;
			buildActionMask = 2147483647;
			files = (
				FDA44AC309B88A9EA9D148D4 /* Pods_CurrencyCalculator_CurrencyCalculatorUITests.framework in Frameworks */,
			);
			runOnlyForDeploymentPostprocessing = 0;
		};
/* End PBXFrameworksBuildPhase section */

/* Begin PBXGroup section */
		19332377255327F900827FAB = {
			isa = PBXGroup;
			children = (
				19332382255327F900827FAB /* CurrencyCalculator */,
				1933239C255327FC00827FAB /* CurrencyCalculatorTests */,
				193323A7255327FC00827FAB /* CurrencyCalculatorUITests */,
				19332381255327F900827FAB /* Products */,
				5B043D35DB07B7B4577C555B /* Pods */,
				848C5F5634740D3C7DDC03FE /* Frameworks */,
			);
			sourceTree = "<group>";
		};
		19332381255327F900827FAB /* Products */ = {
			isa = PBXGroup;
			children = (
				19332380255327F900827FAB /* CurrencyCalculator.app */,
				19332399255327FC00827FAB /* CurrencyCalculatorTests.xctest */,
				193323A4255327FC00827FAB /* CurrencyCalculatorUITests.xctest */,
			);
			name = Products;
			sourceTree = "<group>";
		};
		19332382255327F900827FAB /* CurrencyCalculator */ = {
			isa = PBXGroup;
			children = (
				19332383255327F900827FAB /* AppDelegate.swift */,
				19332387255327F900827FAB /* ViewController.swift */,
				19332389255327F900827FAB /* Main.storyboard */,
				1933238F255327FB00827FAB /* Assets.xcassets */,
				19332391255327FB00827FAB /* LaunchScreen.storyboard */,
				19332394255327FB00827FAB /* Info.plist */,
				1933238C255327FA00827FAB /* CurrencyCalculator.xcdatamodeld */,
			);
			path = CurrencyCalculator;
			sourceTree = "<group>";
		};
		1933239C255327FC00827FAB /* CurrencyCalculatorTests */ = {
			isa = PBXGroup;
			children = (
				1933239D255327FC00827FAB /* CurrencyCalculatorTests.swift */,
				1933239F255327FC00827FAB /* Info.plist */,
			);
			path = CurrencyCalculatorTests;
			sourceTree = "<group>";
		};
		193323A7255327FC00827FAB /* CurrencyCalculatorUITests */ = {
			isa = PBXGroup;
			children = (
				193323A8255327FC00827FAB /* CurrencyCalculatorUITests.swift */,
				193323AA255327FC00827FAB /* Info.plist */,
			);
			path = CurrencyCalculatorUITests;
			sourceTree = "<group>";
		};
		5B043D35DB07B7B4577C555B /* Pods */ = {
			isa = PBXGroup;
			children = (
				577F09621C5B297C266B2F1C /* Pods-CurrencyCalculator.debug.xcconfig */,
				BC91760B76C855B68FF5AB5F /* Pods-CurrencyCalculator.release.xcconfig */,
				546F6F4B81A410AF214D305B /* Pods-CurrencyCalculator-CurrencyCalculatorUITests.debug.xcconfig */,
				EA038E5AE4E69C27E2F628D2 /* Pods-CurrencyCalculator-CurrencyCalculatorUITests.release.xcconfig */,
				A63E91F5BCDE7B4D5AC301D7 /* Pods-CurrencyCalculatorTests.debug.xcconfig */,
				78CAF5A757A8DF334BAB82B6 /* Pods-CurrencyCalculatorTests.release.xcconfig */,
			);
			path = Pods;
			sourceTree = "<group>";
		};
		848C5F5634740D3C7DDC03FE /* Frameworks */ = {
			isa = PBXGroup;
			children = (
				69A1DB3A2784143F4054C909 /* Pods_CurrencyCalculator.framework */,
				24D35A67026DF4C35A4052F7 /* Pods_CurrencyCalculator_CurrencyCalculatorUITests.framework */,
				DD00B9D55A60511A5ED7454A /* Pods_CurrencyCalculatorTests.framework */,
			);
			name = Frameworks;
			sourceTree = "<group>";
		};
/* End PBXGroup section */

/* Begin PBXNativeTarget section */
		1933237F255327F900827FAB /* CurrencyCalculator */ = {
			isa = PBXNativeTarget;
			buildConfigurationList = 193323AD255327FC00827FAB /* Build configuration list for PBXNativeTarget "CurrencyCalculator" */;
			buildPhases = (
				F42F275046656B11CA0E501E /* [CP] Check Pods Manifest.lock */,
				1933237C255327F900827FAB /* Sources */,
				1933237D255327F900827FAB /* Frameworks */,
				1933237E255327F900827FAB /* Resources */,
				CC9DED3FAB32AD39122ED093 /* [CP] Embed Pods Frameworks */,
			);
			buildRules = (
			);
			dependencies = (
			);
			name = CurrencyCalculator;
			productName = CurrencyCalculator;
			productReference = 19332380255327F900827FAB /* CurrencyCalculator.app */;
			productType = "com.apple.product-type.application";
		};
		19332398255327FC00827FAB /* CurrencyCalculatorTests */ = {
			isa = PBXNativeTarget;
			buildConfigurationList = 193323B0255327FC00827FAB /* Build configuration list for PBXNativeTarget "CurrencyCalculatorTests" */;
			buildPhases = (
				9D5B519E6E1FF16015C0650D /* [CP] Check Pods Manifest.lock */,
				19332395255327FC00827FAB /* Sources */,
				19332396255327FC00827FAB /* Frameworks */,
				19332397255327FC00827FAB /* Resources */,
			);
			buildRules = (
			);
			dependencies = (
				1933239B255327FC00827FAB /* PBXTargetDependency */,
			);
			name = CurrencyCalculatorTests;
			productName = CurrencyCalculatorTests;
			productReference = 19332399255327FC00827FAB /* CurrencyCalculatorTests.xctest */;
			productType = "com.apple.product-type.bundle.unit-test";
		};
		193323A3255327FC00827FAB /* CurrencyCalculatorUITests */ = {
			isa = PBXNativeTarget;
			buildConfigurationList = 193323B3255327FC00827FAB /* Build configuration list for PBXNativeTarget "CurrencyCalculatorUITests" */;
			buildPhases = (
				E68B111BD8296D6BF6C912B9 /* [CP] Check Pods Manifest.lock */,
				193323A0255327FC00827FAB /* Sources */,
				193323A1255327FC00827FAB /* Frameworks */,
				193323A2255327FC00827FAB /* Resources */,
				0E8218B47B1327A8BA7F3FDD /* [CP] Embed Pods Frameworks */,
			);
			buildRules = (
			);
			dependencies = (
				193323A6255327FC00827FAB /* PBXTargetDependency */,
			);
			name = CurrencyCalculatorUITests;
			productName = CurrencyCalculatorUITests;
			productReference = 193323A4255327FC00827FAB /* CurrencyCalculatorUITests.xctest */;
			productType = "com.apple.product-type.bundle.ui-testing";
		};
/* End PBXNativeTarget section */

/* Begin PBXProject section */
		19332378255327F900827FAB /* Project object */ = {
			isa = PBXProject;
			attributes = {
				LastSwiftUpdateCheck = 1210;
				LastUpgradeCheck = 1210;
				TargetAttributes = {
					1933237F255327F900827FAB = {
						CreatedOnToolsVersion = 12.1.1;
					};
					19332398255327FC00827FAB = {
						CreatedOnToolsVersion = 12.1.1;
						TestTargetID = 1933237F255327F900827FAB;
					};
					193323A3255327FC00827FAB = {
						CreatedOnToolsVersion = 12.1.1;
						TestTargetID = 1933237F255327F900827FAB;
					};
				};
			};
			buildConfigurationList = 1933237B255327F900827FAB /* Build configuration list for PBXProject "CurrencyCalculator" */;
			compatibilityVersion = "Xcode 9.3";
			developmentRegion = en;
			hasScannedForEncodings = 0;
			knownRegions = (
				en,
				Base,
			);
			mainGroup = 19332377255327F900827FAB;
			productRefGroup = 19332381255327F900827FAB /* Products */;
			projectDirPath = "";
			projectRoot = "";
			targets = (
				1933237F255327F900827FAB /* CurrencyCalculator */,
				19332398255327FC00827FAB /* CurrencyCalculatorTests */,
				193323A3255327FC00827FAB /* CurrencyCalculatorUITests */,
			);
		};
/* End PBXProject section */

/* Begin PBXResourcesBuildPhase section */
		1933237E255327F900827FAB /* Resources */ = {
			isa = PBXResourcesBuildPhase;
			buildActionMask = 2147483647;
			files = (
				19332393255327FB00827FAB /* LaunchScreen.storyboard in Resources */,
				19332390255327FB00827FAB /* Assets.xcassets in Resources */,
				1933238B255327F900827FAB /* Main.storyboard in Resources */,
			);
			runOnlyForDeploymentPostprocessing = 0;
		};
		19332397255327FC00827FAB /* Resources */ = {
			isa = PBXResourcesBuildPhase;
			buildActionMask = 2147483647;
			files = (
			);
			runOnlyForDeploymentPostprocessing = 0;
		};
		193323A2255327FC00827FAB /* Resources */ = {
			isa = PBXResourcesBuildPhase;
			buildActionMask = 2147483647;
			files = (
			);
			runOnlyForDeploymentPostprocessing = 0;
		};
/* End PBXResourcesBuildPhase section */

/* Begin PBXShellScriptBuildPhase section */
		0E8218B47B1327A8BA7F3FDD /* [CP] Embed Pods Frameworks */ = {
			isa = PBXShellScriptBuildPhase;
			buildActionMask = 2147483647;
			files = (
			);
			inputFileListPaths = (
				"${PODS_ROOT}/Target Support Files/Pods-CurrencyCalculator-CurrencyCalculatorUITests/Pods-CurrencyCalculator-CurrencyCalculatorUITests-frameworks-${CONFIGURATION}-input-files.xcfilelist",
			);
			name = "[CP] Embed Pods Frameworks";
			outputFileListPaths = (
				"${PODS_ROOT}/Target Support Files/Pods-CurrencyCalculator-CurrencyCalculatorUITests/Pods-CurrencyCalculator-CurrencyCalculatorUITests-frameworks-${CONFIGURATION}-output-files.xcfilelist",
			);
			runOnlyForDeploymentPostprocessing = 0;
			shellPath = /bin/sh;
			shellScript = "\"${PODS_ROOT}/Target Support Files/Pods-CurrencyCalculator-CurrencyCalculatorUITests/Pods-CurrencyCalculator-CurrencyCalculatorUITests-frameworks.sh\"\n";
			showEnvVarsInLog = 0;
		};
		9D5B519E6E1FF16015C0650D /* [CP] Check Pods Manifest.lock */ = {
			isa = PBXShellScriptBuildPhase;
			buildActionMask = 2147483647;
			files = (
			);
			inputFileListPaths = (
			);
			inputPaths = (
				"${PODS_PODFILE_DIR_PATH}/Podfile.lock",
				"${PODS_ROOT}/Manifest.lock",
			);
			name = "[CP] Check Pods Manifest.lock";
			outputFileListPaths = (
			);
			outputPaths = (
				"$(DERIVED_FILE_DIR)/Pods-CurrencyCalculatorTests-checkManifestLockResult.txt",
			);
			runOnlyForDeploymentPostprocessing = 0;
			shellPath = /bin/sh;
			shellScript = "diff \"${PODS_PODFILE_DIR_PATH}/Podfile.lock\" \"${PODS_ROOT}/Manifest.lock\" > /dev/null\nif [ $? != 0 ] ; then\n    # print error to STDERR\n    echo \"error: The sandbox is not in sync with the Podfile.lock. Run 'pod install' or update your CocoaPods installation.\" >&2\n    exit 1\nfi\n# This output is used by Xcode 'outputs' to avoid re-running this script phase.\necho \"SUCCESS\" > \"${SCRIPT_OUTPUT_FILE_0}\"\n";
			showEnvVarsInLog = 0;
		};
		CC9DED3FAB32AD39122ED093 /* [CP] Embed Pods Frameworks */ = {
			isa = PBXShellScriptBuildPhase;
			buildActionMask = 2147483647;
			files = (
			);
			inputFileListPaths = (
				"${PODS_ROOT}/Target Support Files/Pods-CurrencyCalculator/Pods-CurrencyCalculator-frameworks-${CONFIGURATION}-input-files.xcfilelist",
			);
			name = "[CP] Embed Pods Frameworks";
			outputFileListPaths = (
				"${PODS_ROOT}/Target Support Files/Pods-CurrencyCalculator/Pods-CurrencyCalculator-frameworks-${CONFIGURATION}-output-files.xcfilelist",
			);
			runOnlyForDeploymentPostprocessing = 0;
			shellPath = /bin/sh;
			shellScript = "\"${PODS_ROOT}/Target Support Files/Pods-CurrencyCalculator/Pods-CurrencyCalculator-frameworks.sh\"\n";
			showEnvVarsInLog = 0;
		};
		E68B111BD8296D6BF6C912B9 /* [CP] Check Pods Manifest.lock */ = {
			isa = PBXShellScriptBuildPhase;
			buildActionMask = 2147483647;
			files = (
			);
			inputFileListPaths = (
			);
			inputPaths = (
				"${PODS_PODFILE_DIR_PATH}/Podfile.lock",
				"${PODS_ROOT}/Manifest.lock",
			);
			name = "[CP] Check Pods Manifest.lock";
			outputFileListPaths = (
			);
			outputPaths = (
				"$(DERIVED_FILE_DIR)/Pods-CurrencyCalculator-CurrencyCalculatorUITests-checkManifestLockResult.txt",
			);
			runOnlyForDeploymentPostprocessing = 0;
			shellPath = /bin/sh;
			shellScript = "diff \"${PODS_PODFILE_DIR_PATH}/Podfile.lock\" \"${PODS_ROOT}/Manifest.lock\" > /dev/null\nif [ $? != 0 ] ; then\n    # print error to STDERR\n    echo \"error: The sandbox is not in sync with the Podfile.lock. Run 'pod install' or update your CocoaPods installation.\" >&2\n    exit 1\nfi\n# This output is used by Xcode 'outputs' to avoid re-running this script phase.\necho \"SUCCESS\" > \"${SCRIPT_OUTPUT_FILE_0}\"\n";
			showEnvVarsInLog = 0;
		};
		F42F275046656B11CA0E501E /* [CP] Check Pods Manifest.lock */ = {
			isa = PBXShellScriptBuildPhase;
			buildActionMask = 2147483647;
			files = (
			);
			inputFileListPaths = (
			);
			inputPaths = (
				"${PODS_PODFILE_DIR_PATH}/Podfile.lock",
				"${PODS_ROOT}/Manifest.lock",
			);
			name = "[CP] Check Pods Manifest.lock";
			outputFileListPaths = (
			);
			outputPaths = (
				"$(DERIVED_FILE_DIR)/Pods-CurrencyCalculator-checkManifestLockResult.txt",
			);
			runOnlyForDeploymentPostprocessing = 0;
			shellPath = /bin/sh;
			shellScript = "diff \"${PODS_PODFILE_DIR_PATH}/Podfile.lock\" \"${PODS_ROOT}/Manifest.lock\" > /dev/null\nif [ $? != 0 ] ; then\n    # print error to STDERR\n    echo \"error: The sandbox is not in sync with the Podfile.lock. Run 'pod install' or update your CocoaPods installation.\" >&2\n    exit 1\nfi\n# This output is used by Xcode 'outputs' to avoid re-running this script phase.\necho \"SUCCESS\" > \"${SCRIPT_OUTPUT_FILE_0}\"\n";
			showEnvVarsInLog = 0;
		};
/* End PBXShellScriptBuildPhase section */

/* Begin PBXSourcesBuildPhase section */
		1933237C255327F900827FAB /* Sources */ = {
			isa = PBXSourcesBuildPhase;
			buildActionMask = 2147483647;
			files = (
				1933238E255327FA00827FAB /* CurrencyCalculator.xcdatamodeld in Sources */,
				19332388255327F900827FAB /* ViewController.swift in Sources */,
				19332384255327F900827FAB /* AppDelegate.swift in Sources */,
			);
			runOnlyForDeploymentPostprocessing = 0;
		};
		19332395255327FC00827FAB /* Sources */ = {
			isa = PBXSourcesBuildPhase;
			buildActionMask = 2147483647;
			files = (
				1933239E255327FC00827FAB /* CurrencyCalculatorTests.swift in Sources */,
			);
			runOnlyForDeploymentPostprocessing = 0;
		};
		193323A0255327FC00827FAB /* Sources */ = {
			isa = PBXSourcesBuildPhase;
			buildActionMask = 2147483647;
			files = (
				193323A9255327FC00827FAB /* CurrencyCalculatorUITests.swift in Sources */,
			);
			runOnlyForDeploymentPostprocessing = 0;
		};
/* End PBXSourcesBuildPhase section */

/* Begin PBXTargetDependency section */
		1933239B255327FC00827FAB /* PBXTargetDependency */ = {
			isa = PBXTargetDependency;
			target = 1933237F255327F900827FAB /* CurrencyCalculator */;
			targetProxy = 1933239A255327FC00827FAB /* PBXContainerItemProxy */;
		};
		193323A6255327FC00827FAB /* PBXTargetDependency */ = {
			isa = PBXTargetDependency;
			target = 1933237F255327F900827FAB /* CurrencyCalculator */;
			targetProxy = 193323A5255327FC00827FAB /* PBXContainerItemProxy */;
		};
/* End PBXTargetDependency section */

/* Begin PBXVariantGroup section */
		19332389255327F900827FAB /* Main.storyboard */ = {
			isa = PBXVariantGroup;
			children = (
				1933238A255327F900827FAB /* Base */,
			);
			name = Main.storyboard;
			sourceTree = "<group>";
		};
		19332391255327FB00827FAB /* LaunchScreen.storyboard */ = {
			isa = PBXVariantGroup;
			children = (
				19332392255327FB00827FAB /* Base */,
			);
			name = LaunchScreen.storyboard;
			sourceTree = "<group>";
		};
/* End PBXVariantGroup section */

/* Begin XCBuildConfiguration section */
		193323AB255327FC00827FAB /* Debug */ = {
			isa = XCBuildConfiguration;
			buildSettings = {
				ALWAYS_SEARCH_USER_PATHS = NO;
				CLANG_ANALYZER_NONNULL = YES;
				CLANG_ANALYZER_NUMBER_OBJECT_CONVERSION = YES_AGGRESSIVE;
				CLANG_CXX_LANGUAGE_STANDARD = "gnu++14";
				CLANG_CXX_LIBRARY = "libc++";
				CLANG_ENABLE_MODULES = YES;
				CLANG_ENABLE_OBJC_ARC = YES;
				CLANG_ENABLE_OBJC_WEAK = YES;
				CLANG_WARN_BLOCK_CAPTURE_AUTORELEASING = YES;
				CLANG_WARN_BOOL_CONVERSION = YES;
				CLANG_WARN_COMMA = YES;
				CLANG_WARN_CONSTANT_CONVERSION = YES;
				CLANG_WARN_DEPRECATED_OBJC_IMPLEMENTATIONS = YES;
				CLANG_WARN_DIRECT_OBJC_ISA_USAGE = YES_ERROR;
				CLANG_WARN_DOCUMENTATION_COMMENTS = YES;
				CLANG_WARN_EMPTY_BODY = YES;
				CLANG_WARN_ENUM_CONVERSION = YES;
				CLANG_WARN_INFINITE_RECURSION = YES;
				CLANG_WARN_INT_CONVERSION = YES;
				CLANG_WARN_NON_LITERAL_NULL_CONVERSION = YES;
				CLANG_WARN_OBJC_IMPLICIT_RETAIN_SELF = YES;
				CLANG_WARN_OBJC_LITERAL_CONVERSION = YES;
				CLANG_WARN_OBJC_ROOT_CLASS = YES_ERROR;
				CLANG_WARN_QUOTED_INCLUDE_IN_FRAMEWORK_HEADER = YES;
				CLANG_WARN_RANGE_LOOP_ANALYSIS = YES;
				CLANG_WARN_STRICT_PROTOTYPES = YES;
				CLANG_WARN_SUSPICIOUS_MOVE = YES;
				CLANG_WARN_UNGUARDED_AVAILABILITY = YES_AGGRESSIVE;
				CLANG_WARN_UNREACHABLE_CODE = YES;
				CLANG_WARN__DUPLICATE_METHOD_MATCH = YES;
				COPY_PHASE_STRIP = NO;
				DEBUG_INFORMATION_FORMAT = dwarf;
				ENABLE_STRICT_OBJC_MSGSEND = YES;
				ENABLE_TESTABILITY = YES;
				GCC_C_LANGUAGE_STANDARD = gnu11;
				GCC_DYNAMIC_NO_PIC = NO;
				GCC_NO_COMMON_BLOCKS = YES;
				GCC_OPTIMIZATION_LEVEL = 0;
				GCC_PREPROCESSOR_DEFINITIONS = (
					"DEBUG=1",
					"$(inherited)",
				);
				GCC_WARN_64_TO_32_BIT_CONVERSION = YES;
				GCC_WARN_ABOUT_RETURN_TYPE = YES_ERROR;
				GCC_WARN_UNDECLARED_SELECTOR = YES;
				GCC_WARN_UNINITIALIZED_AUTOS = YES_AGGRESSIVE;
				GCC_WARN_UNUSED_FUNCTION = YES;
				GCC_WARN_UNUSED_VARIABLE = YES;
				IPHONEOS_DEPLOYMENT_TARGET = 14.2;
				MTL_ENABLE_DEBUG_INFO = INCLUDE_SOURCE;
				MTL_FAST_MATH = YES;
				ONLY_ACTIVE_ARCH = YES;
				SDKROOT = iphoneos;
				SWIFT_ACTIVE_COMPILATION_CONDITIONS = DEBUG;
				SWIFT_OPTIMIZATION_LEVEL = "-Onone";
			};
			name = Debug;
		};
		193323AC255327FC00827FAB /* Release */ = {
			isa = XCBuildConfiguration;
			buildSettings = {
				ALWAYS_SEARCH_USER_PATHS = NO;
				CLANG_ANALYZER_NONNULL = YES;
				CLANG_ANALYZER_NUMBER_OBJECT_CONVERSION = YES_AGGRESSIVE;
				CLANG_CXX_LANGUAGE_STANDARD = "gnu++14";
				CLANG_CXX_LIBRARY = "libc++";
				CLANG_ENABLE_MODULES = YES;
				CLANG_ENABLE_OBJC_ARC = YES;
				CLANG_ENABLE_OBJC_WEAK = YES;
				CLANG_WARN_BLOCK_CAPTURE_AUTORELEASING = YES;
				CLANG_WARN_BOOL_CONVERSION = YES;
				CLANG_WARN_COMMA = YES;
				CLANG_WARN_CONSTANT_CONVERSION = YES;
				CLANG_WARN_DEPRECATED_OBJC_IMPLEMENTATIONS = YES;
				CLANG_WARN_DIRECT_OBJC_ISA_USAGE = YES_ERROR;
				CLANG_WARN_DOCUMENTATION_COMMENTS = YES;
				CLANG_WARN_EMPTY_BODY = YES;
				CLANG_WARN_ENUM_CONVERSION = YES;
				CLANG_WARN_INFINITE_RECURSION = YES;
				CLANG_WARN_INT_CONVERSION = YES;
				CLANG_WARN_NON_LITERAL_NULL_CONVERSION = YES;
				CLANG_WARN_OBJC_IMPLICIT_RETAIN_SELF = YES;
				CLANG_WARN_OBJC_LITERAL_CONVERSION = YES;
				CLANG_WARN_OBJC_ROOT_CLASS = YES_ERROR;
				CLANG_WARN_QUOTED_INCLUDE_IN_FRAMEWORK_HEADER = YES;
				CLANG_WARN_RANGE_LOOP_ANALYSIS = YES;
				CLANG_WARN_STRICT_PROTOTYPES = YES;
				CLANG_WARN_SUSPICIOUS_MOVE = YES;
				CLANG_WARN_UNGUARDED_AVAILABILITY = YES_AGGRESSIVE;
				CLANG_WARN_UNREACHABLE_CODE = YES;
				CLANG_WARN__DUPLICATE_METHOD_MATCH = YES;
				COPY_PHASE_STRIP = NO;
				DEBUG_INFORMATION_FORMAT = "dwarf-with-dsym";
				ENABLE_NS_ASSERTIONS = NO;
				ENABLE_STRICT_OBJC_MSGSEND = YES;
				GCC_C_LANGUAGE_STANDARD = gnu11;
				GCC_NO_COMMON_BLOCKS = YES;
				GCC_WARN_64_TO_32_BIT_CONVERSION = YES;
				GCC_WARN_ABOUT_RETURN_TYPE = YES_ERROR;
				GCC_WARN_UNDECLARED_SELECTOR = YES;
				GCC_WARN_UNINITIALIZED_AUTOS = YES_AGGRESSIVE;
				GCC_WARN_UNUSED_FUNCTION = YES;
				GCC_WARN_UNUSED_VARIABLE = YES;
				IPHONEOS_DEPLOYMENT_TARGET = 14.2;
				MTL_ENABLE_DEBUG_INFO = NO;
				MTL_FAST_MATH = YES;
				SDKROOT = iphoneos;
				SWIFT_COMPILATION_MODE = wholemodule;
				SWIFT_OPTIMIZATION_LEVEL = "-O";
				VALIDATE_PRODUCT = YES;
			};
			name = Release;
		};
		193323AE255327FC00827FAB /* Debug */ = {
			isa = XCBuildConfiguration;
			baseConfigurationReference = 577F09621C5B297C266B2F1C /* Pods-CurrencyCalculator.debug.xcconfig */;
			buildSettings = {
				ASSETCATALOG_COMPILER_APPICON_NAME = AppIcon;
				ASSETCATALOG_COMPILER_GLOBAL_ACCENT_COLOR_NAME = AccentColor;
				CODE_SIGN_STYLE = Automatic;
				DEVELOPMENT_TEAM = R48C6P8ZZH;
				INFOPLIST_FILE = CurrencyCalculator/Info.plist;
				LD_RUNPATH_SEARCH_PATHS = (
					"$(inherited)",
					"@executable_path/Frameworks",
				);
				PRODUCT_BUNDLE_IDENTIFIER = com.ganeva.CurrencyCalculator;
				PRODUCT_NAME = "$(TARGET_NAME)";
				SWIFT_VERSION = 5.0;
				TARGETED_DEVICE_FAMILY = "1,2";
			};
			name = Debug;
		};
		193323AF255327FC00827FAB /* Release */ = {
			isa = XCBuildConfiguration;
			baseConfigurationReference = BC91760B76C855B68FF5AB5F /* Pods-CurrencyCalculator.release.xcconfig */;
			buildSettings = {
				ASSETCATALOG_COMPILER_APPICON_NAME = AppIcon;
				ASSETCATALOG_COMPILER_GLOBAL_ACCENT_COLOR_NAME = AccentColor;
				CODE_SIGN_STYLE = Automatic;
				DEVELOPMENT_TEAM = R48C6P8ZZH;
				INFOPLIST_FILE = CurrencyCalculator/Info.plist;
				LD_RUNPATH_SEARCH_PATHS = (
					"$(inherited)",
					"@executable_path/Frameworks",
				);
				PRODUCT_BUNDLE_IDENTIFIER = com.ganeva.CurrencyCalculator;
				PRODUCT_NAME = "$(TARGET_NAME)";
				SWIFT_VERSION = 5.0;
				TARGETED_DEVICE_FAMILY = "1,2";
			};
			name = Release;
		};
		193323B1255327FC00827FAB /* Debug */ = {
			isa = XCBuildConfiguration;
			baseConfigurationReference = A63E91F5BCDE7B4D5AC301D7 /* Pods-CurrencyCalculatorTests.debug.xcconfig */;
			buildSettings = {
				ALWAYS_EMBED_SWIFT_STANDARD_LIBRARIES = YES;
				BUNDLE_LOADER = "$(TEST_HOST)";
				CODE_SIGN_STYLE = Automatic;
				DEVELOPMENT_TEAM = R48C6P8ZZH;
				INFOPLIST_FILE = CurrencyCalculatorTests/Info.plist;
				IPHONEOS_DEPLOYMENT_TARGET = 14.2;
				LD_RUNPATH_SEARCH_PATHS = (
					"$(inherited)",
					"@executable_path/Frameworks",
					"@loader_path/Frameworks",
				);
				PRODUCT_BUNDLE_IDENTIFIER = com.ganeva.CurrencyCalculatorTests;
				PRODUCT_NAME = "$(TARGET_NAME)";
				SWIFT_VERSION = 5.0;
				TARGETED_DEVICE_FAMILY = "1,2";
				TEST_HOST = "$(BUILT_PRODUCTS_DIR)/CurrencyCalculator.app/CurrencyCalculator";
			};
			name = Debug;
		};
		193323B2255327FC00827FAB /* Release */ = {
			isa = XCBuildConfiguration;
			baseConfigurationReference = 78CAF5A757A8DF334BAB82B6 /* Pods-CurrencyCalculatorTests.release.xcconfig */;
			buildSettings = {
				ALWAYS_EMBED_SWIFT_STANDARD_LIBRARIES = YES;
				BUNDLE_LOADER = "$(TEST_HOST)";
				CODE_SIGN_STYLE = Automatic;
				DEVELOPMENT_TEAM = R48C6P8ZZH;
				INFOPLIST_FILE = CurrencyCalculatorTests/Info.plist;
				IPHONEOS_DEPLOYMENT_TARGET = 14.2;
				LD_RUNPATH_SEARCH_PATHS = (
					"$(inherited)",
					"@executable_path/Frameworks",
					"@loader_path/Frameworks",
				);
				PRODUCT_BUNDLE_IDENTIFIER = com.ganeva.CurrencyCalculatorTests;
				PRODUCT_NAME = "$(TARGET_NAME)";
				SWIFT_VERSION = 5.0;
				TARGETED_DEVICE_FAMILY = "1,2";
				TEST_HOST = "$(BUILT_PRODUCTS_DIR)/CurrencyCalculator.app/CurrencyCalculator";
			};
			name = Release;
		};
		193323B4255327FC00827FAB /* Debug */ = {
			isa = XCBuildConfiguration;
			baseConfigurationReference = 546F6F4B81A410AF214D305B /* Pods-CurrencyCalculator-CurrencyCalculatorUITests.debug.xcconfig */;
			buildSettings = {
				ALWAYS_EMBED_SWIFT_STANDARD_LIBRARIES = YES;
				CODE_SIGN_STYLE = Automatic;
				DEVELOPMENT_TEAM = R48C6P8ZZH;
				INFOPLIST_FILE = CurrencyCalculatorUITests/Info.plist;
				LD_RUNPATH_SEARCH_PATHS = (
					"$(inherited)",
					"@executable_path/Frameworks",
					"@loader_path/Frameworks",
				);
				PRODUCT_BUNDLE_IDENTIFIER = com.ganeva.CurrencyCalculatorUITests;
				PRODUCT_NAME = "$(TARGET_NAME)";
				SWIFT_VERSION = 5.0;
				TARGETED_DEVICE_FAMILY = "1,2";
				TEST_TARGET_NAME = CurrencyCalculator;
			};
			name = Debug;
		};
		193323B5255327FC00827FAB /* Release */ = {
			isa = XCBuildConfiguration;
			baseConfigurationReference = EA038E5AE4E69C27E2F628D2 /* Pods-CurrencyCalculator-CurrencyCalculatorUITests.release.xcconfig */;
			buildSettings = {
				ALWAYS_EMBED_SWIFT_STANDARD_LIBRARIES = YES;
				CODE_SIGN_STYLE = Automatic;
				DEVELOPMENT_TEAM = R48C6P8ZZH;
				INFOPLIST_FILE = CurrencyCalculatorUITests/Info.plist;
				LD_RUNPATH_SEARCH_PATHS = (
					"$(inherited)",
					"@executable_path/Frameworks",
					"@loader_path/Frameworks",
				);
				PRODUCT_BUNDLE_IDENTIFIER = com.ganeva.CurrencyCalculatorUITests;
				PRODUCT_NAME = "$(TARGET_NAME)";
				SWIFT_VERSION = 5.0;
				TARGETED_DEVICE_FAMILY = "1,2";
				TEST_TARGET_NAME = CurrencyCalculator;
			};
			name = Release;
		};
/* End XCBuildConfiguration section */

/* Begin XCConfigurationList section */
		1933237B255327F900827FAB /* Build configuration list for PBXProject "CurrencyCalculator" */ = {
			isa = XCConfigurationList;
			buildConfigurations = (
				193323AB255327FC00827FAB /* Debug */,
				193323AC255327FC00827FAB /* Release */,
			);
			defaultConfigurationIsVisible = 0;
			defaultConfigurationName = Release;
		};
		193323AD255327FC00827FAB /* Build configuration list for PBXNativeTarget "CurrencyCalculator" */ = {
			isa = XCConfigurationList;
			buildConfigurations = (
				193323AE255327FC00827FAB /* Debug */,
				193323AF255327FC00827FAB /* Release */,
			);
			defaultConfigurationIsVisible = 0;
			defaultConfigurationName = Release;
		};
		193323B0255327FC00827FAB /* Build configuration list for PBXNativeTarget "CurrencyCalculatorTests" */ = {
			isa = XCConfigurationList;
			buildConfigurations = (
				193323B1255327FC00827FAB /* Debug */,
				193323B2255327FC00827FAB /* Release */,
			);
			defaultConfigurationIsVisible = 0;
			defaultConfigurationName = Release;
		};
		193323B3255327FC00827FAB /* Build configuration list for PBXNativeTarget "CurrencyCalculatorUITests" */ = {
			isa = XCConfigurationList;
			buildConfigurations = (
				193323B4255327FC00827FAB /* Debug */,
				193323B5255327FC00827FAB /* Release */,
			);
			defaultConfigurationIsVisible = 0;
			defaultConfigurationName = Release;
		};
/* End XCConfigurationList section */

/* Begin XCVersionGroup section */
		1933238C255327FA00827FAB /* CurrencyCalculator.xcdatamodeld */ = {
			isa = XCVersionGroup;
			children = (
				1933238D255327FA00827FAB /* CurrencyCalculator.xcdatamodel */,
			);
			currentVersion = 1933238D255327FA00827FAB /* CurrencyCalculator.xcdatamodel */;
			path = CurrencyCalculator.xcdatamodeld;
			sourceTree = "<group>";
			versionGroupType = wrapper.xcdatamodel;
		};
/* End XCVersionGroup section */
	};
	rootObject = 19332378255327F900827FAB /* Project object */;
}
